// !$*UTF8*$!
{
	archiveVersion = 1;
	classes = {
	};
	objectVersion = 55;
	objects = {

/* Begin PBXBuildFile section */
		56185F57279502B800F45DA1 /* GoogleSignIn in Frameworks */ = {isa = PBXBuildFile; productRef = 56185F56279502B800F45DA1 /* GoogleSignIn */; };
		56873A802795106E00F0B165 /* LoginView.swift in Sources */ = {isa = PBXBuildFile; fileRef = 56873A7F2795106E00F0B165 /* LoginView.swift */; };
		56873A822795109100F0B165 /* GoogleSignInButton.swift in Sources */ = {isa = PBXBuildFile; fileRef = 56873A812795109100F0B165 /* GoogleSignInButton.swift */; };
		56873A842795138400F0B165 /* HomeView.swift in Sources */ = {isa = PBXBuildFile; fileRef = 56873A832795138400F0B165 /* HomeView.swift */; };
		56873A862795178C00F0B165 /* gSignIn.plist in Resources */ = {isa = PBXBuildFile; fileRef = 56873A852795178C00F0B165 /* gSignIn.plist */; };
		569313F1279545DF000602AE /* API.swift in Sources */ = {isa = PBXBuildFile; fileRef = 569313F0279545DF000602AE /* API.swift */; };
		569313F4279546E8000602AE /* Network.swift in Sources */ = {isa = PBXBuildFile; fileRef = 569313F3279546E8000602AE /* Network.swift */; };
		569313F6279617E5000602AE /* GetPlistValue.swift in Sources */ = {isa = PBXBuildFile; fileRef = 569313F5279617E5000602AE /* GetPlistValue.swift */; };
		56CE096727952C07004C4BC3 /* Apollo in Frameworks */ = {isa = PBXBuildFile; productRef = 56CE096627952C07004C4BC3 /* Apollo */; };
		56CE096927952C07004C4BC3 /* ApolloWebSocket in Frameworks */ = {isa = PBXBuildFile; productRef = 56CE096827952C07004C4BC3 /* ApolloWebSocket */; };
		56CE097327953084004C4BC3 /* ApolloCodegenLib in Frameworks */ = {isa = PBXBuildFile; productRef = 56CE097227953084004C4BC3 /* ApolloCodegenLib */; };
		56CE0976279531B3004C4BC3 /* LaunchList.graphql in Sources */ = {isa = PBXBuildFile; fileRef = 56CE0975279531B3004C4BC3 /* LaunchList.graphql */; };
		56DBBD4A279506A200C18410 /* AuthModel.swift in Sources */ = {isa = PBXBuildFile; fileRef = 56DBBD49279506A200C18410 /* AuthModel.swift */; };
		56EA8FBC27837A86004CA3E1 /* punchlistApp.swift in Sources */ = {isa = PBXBuildFile; fileRef = 56EA8FBB27837A86004CA3E1 /* punchlistApp.swift */; };
		56EA8FBE27837A86004CA3E1 /* ContentView.swift in Sources */ = {isa = PBXBuildFile; fileRef = 56EA8FBD27837A86004CA3E1 /* ContentView.swift */; };
		56EA8FC027837A88004CA3E1 /* Assets.xcassets in Resources */ = {isa = PBXBuildFile; fileRef = 56EA8FBF27837A88004CA3E1 /* Assets.xcassets */; };
		56EA8FC327837A88004CA3E1 /* Preview Assets.xcassets in Resources */ = {isa = PBXBuildFile; fileRef = 56EA8FC227837A88004CA3E1 /* Preview Assets.xcassets */; };
		56EA8FCA27837B48004CA3E1 /* GoogleService-Info.plist in Resources */ = {isa = PBXBuildFile; fileRef = 56EA8FC927837B48004CA3E1 /* GoogleService-Info.plist */; };
/* End PBXBuildFile section */

/* Begin PBXFileReference section */
		56873A7F2795106E00F0B165 /* LoginView.swift */ = {isa = PBXFileReference; lastKnownFileType = sourcecode.swift; path = LoginView.swift; sourceTree = "<group>"; };
		56873A812795109100F0B165 /* GoogleSignInButton.swift */ = {isa = PBXFileReference; lastKnownFileType = sourcecode.swift; path = GoogleSignInButton.swift; sourceTree = "<group>"; };
		56873A832795138400F0B165 /* HomeView.swift */ = {isa = PBXFileReference; lastKnownFileType = sourcecode.swift; path = HomeView.swift; sourceTree = "<group>"; };
		56873A852795178C00F0B165 /* gSignIn.plist */ = {isa = PBXFileReference; fileEncoding = 4; lastKnownFileType = text.plist.xml; path = gSignIn.plist; sourceTree = "<group>"; };
		56873A872795181700F0B165 /* Info.plist */ = {isa = PBXFileReference; lastKnownFileType = text.plist; path = Info.plist; sourceTree = "<group>"; };
		569313EE27954063000602AE /* schema.graphqls */ = {isa = PBXFileReference; fileEncoding = 4; lastKnownFileType = text; path = schema.graphqls; sourceTree = "<group>"; };
		569313F0279545DF000602AE /* API.swift */ = {isa = PBXFileReference; fileEncoding = 4; lastKnownFileType = sourcecode.swift; path = API.swift; sourceTree = "<group>"; };
		569313F3279546E8000602AE /* Network.swift */ = {isa = PBXFileReference; lastKnownFileType = sourcecode.swift; path = Network.swift; sourceTree = "<group>"; };
		569313F5279617E5000602AE /* GetPlistValue.swift */ = {isa = PBXFileReference; lastKnownFileType = sourcecode.swift; path = GetPlistValue.swift; sourceTree = "<group>"; };
		56CE0975279531B3004C4BC3 /* LaunchList.graphql */ = {isa = PBXFileReference; lastKnownFileType = text; path = LaunchList.graphql; sourceTree = "<group>"; };
		56DBBD49279506A200C18410 /* AuthModel.swift */ = {isa = PBXFileReference; lastKnownFileType = sourcecode.swift; path = AuthModel.swift; sourceTree = "<group>"; };
		56EA8FB827837A86004CA3E1 /* punchlist.app */ = {isa = PBXFileReference; explicitFileType = wrapper.application; includeInIndex = 0; path = punchlist.app; sourceTree = BUILT_PRODUCTS_DIR; };
		56EA8FBB27837A86004CA3E1 /* punchlistApp.swift */ = {isa = PBXFileReference; lastKnownFileType = sourcecode.swift; path = punchlistApp.swift; sourceTree = "<group>"; };
		56EA8FBD27837A86004CA3E1 /* ContentView.swift */ = {isa = PBXFileReference; lastKnownFileType = sourcecode.swift; path = ContentView.swift; sourceTree = "<group>"; };
		56EA8FBF27837A88004CA3E1 /* Assets.xcassets */ = {isa = PBXFileReference; lastKnownFileType = folder.assetcatalog; path = Assets.xcassets; sourceTree = "<group>"; };
		56EA8FC227837A88004CA3E1 /* Preview Assets.xcassets */ = {isa = PBXFileReference; lastKnownFileType = folder.assetcatalog; path = "Preview Assets.xcassets"; sourceTree = "<group>"; };
		56EA8FC927837B48004CA3E1 /* GoogleService-Info.plist */ = {isa = PBXFileReference; fileEncoding = 4; lastKnownFileType = text.plist.xml; path = "GoogleService-Info.plist"; sourceTree = "<group>"; };
/* End PBXFileReference section */

/* Begin PBXFrameworksBuildPhase section */
		56EA8FB527837A86004CA3E1 /* Frameworks */ = {
			isa = PBXFrameworksBuildPhase;
			buildActionMask = 2147483647;
			files = (
				56CE097327953084004C4BC3 /* ApolloCodegenLib in Frameworks */,
				56CE096927952C07004C4BC3 /* ApolloWebSocket in Frameworks */,
				56CE096727952C07004C4BC3 /* Apollo in Frameworks */,
				56185F57279502B800F45DA1 /* GoogleSignIn in Frameworks */,
			);
			runOnlyForDeploymentPostprocessing = 0;
		};
/* End PBXFrameworksBuildPhase section */

/* Begin PBXGroup section */
		569313F2279546CD000602AE /* Utils */ = {
			isa = PBXGroup;
			children = (
				569313F3279546E8000602AE /* Network.swift */,
				569313F5279617E5000602AE /* GetPlistValue.swift */,
			);
			path = Utils;
			sourceTree = "<group>";
		};
		56CE097127953084004C4BC3 /* Frameworks */ = {
			isa = PBXGroup;
			children = (
			);
			name = Frameworks;
			sourceTree = "<group>";
		};
		56EA8FAF27837A86004CA3E1 = {
			isa = PBXGroup;
			children = (
				56EA8FBA27837A86004CA3E1 /* punchlist */,
				56EA8FB927837A86004CA3E1 /* Products */,
				56CE097127953084004C4BC3 /* Frameworks */,
			);
			sourceTree = "<group>";
		};
		56EA8FB927837A86004CA3E1 /* Products */ = {
			isa = PBXGroup;
			children = (
				56EA8FB827837A86004CA3E1 /* punchlist.app */,
			);
			name = Products;
			sourceTree = "<group>";
		};
		56EA8FBA27837A86004CA3E1 /* punchlist */ = {
			isa = PBXGroup;
			children = (
				569313F2279546CD000602AE /* Utils */,
				569313F0279545DF000602AE /* API.swift */,
				569313EE27954063000602AE /* schema.graphqls */,
				56EA8FBB27837A86004CA3E1 /* punchlistApp.swift */,
				56CE0975279531B3004C4BC3 /* LaunchList.graphql */,
				56873A872795181700F0B165 /* Info.plist */,
				56873A852795178C00F0B165 /* gSignIn.plist */,
				56EA8FCB27837EE0004CA3E1 /* Models */,
				56EA8FCE2783807A004CA3E1 /* Views */,
				56EA8FC927837B48004CA3E1 /* GoogleService-Info.plist */,
				56EA8FBF27837A88004CA3E1 /* Assets.xcassets */,
				56EA8FC127837A88004CA3E1 /* Preview Content */,
			);
			path = punchlist;
			sourceTree = "<group>";
		};
		56EA8FC127837A88004CA3E1 /* Preview Content */ = {
			isa = PBXGroup;
			children = (
				56EA8FC227837A88004CA3E1 /* Preview Assets.xcassets */,
			);
			path = "Preview Content";
			sourceTree = "<group>";
		};
		56EA8FCB27837EE0004CA3E1 /* Models */ = {
			isa = PBXGroup;
			children = (
				56DBBD49279506A200C18410 /* AuthModel.swift */,
			);
			path = Models;
			sourceTree = "<group>";
		};
		56EA8FCE2783807A004CA3E1 /* Views */ = {
			isa = PBXGroup;
			children = (
				56EA8FBD27837A86004CA3E1 /* ContentView.swift */,
				56873A7F2795106E00F0B165 /* LoginView.swift */,
				56873A812795109100F0B165 /* GoogleSignInButton.swift */,
				56873A832795138400F0B165 /* HomeView.swift */,
			);
			path = Views;
			sourceTree = "<group>";
		};
/* End PBXGroup section */

/* Begin PBXNativeTarget section */
		56EA8FB727837A86004CA3E1 /* punchlist */ = {
			isa = PBXNativeTarget;
			buildConfigurationList = 56EA8FC627837A88004CA3E1 /* Build configuration list for PBXNativeTarget "punchlist" */;
			buildPhases = (
				56CE09D027953CE6004C4BC3 /* Apollo */,
				56EA8FB427837A86004CA3E1 /* Sources */,
				56EA8FB527837A86004CA3E1 /* Frameworks */,
				56EA8FB627837A86004CA3E1 /* Resources */,
			);
			buildRules = (
			);
			dependencies = (
			);
			name = punchlist;
			packageProductDependencies = (
				56185F56279502B800F45DA1 /* GoogleSignIn */,
				56CE096627952C07004C4BC3 /* Apollo */,
				56CE096827952C07004C4BC3 /* ApolloWebSocket */,
				56CE097227953084004C4BC3 /* ApolloCodegenLib */,
			);
			productName = punchlist;
			productReference = 56EA8FB827837A86004CA3E1 /* punchlist.app */;
			productType = "com.apple.product-type.application";
		};
/* End PBXNativeTarget section */

/* Begin PBXProject section */
		56EA8FB027837A86004CA3E1 /* Project object */ = {
			isa = PBXProject;
			attributes = {
				BuildIndependentTargetsInParallel = 1;
				LastSwiftUpdateCheck = 1310;
				LastUpgradeCheck = 1310;
				TargetAttributes = {
					56EA8FB727837A86004CA3E1 = {
						CreatedOnToolsVersion = 13.1;
					};
				};
			};
			buildConfigurationList = 56EA8FB327837A86004CA3E1 /* Build configuration list for PBXProject "punchlist" */;
			compatibilityVersion = "Xcode 13.0";
			developmentRegion = en;
			hasScannedForEncodings = 0;
			knownRegions = (
				en,
				Base,
			);
			mainGroup = 56EA8FAF27837A86004CA3E1;
			packageReferences = (
				56185F55279502B800F45DA1 /* XCRemoteSwiftPackageReference "GoogleSignIn-iOS" */,
				56CE096527952C06004C4BC3 /* XCRemoteSwiftPackageReference "apollo-ios" */,
			);
			productRefGroup = 56EA8FB927837A86004CA3E1 /* Products */;
			projectDirPath = "";
			projectRoot = "";
			targets = (
				56EA8FB727837A86004CA3E1 /* punchlist */,
			);
		};
/* End PBXProject section */

/* Begin PBXResourcesBuildPhase section */
		56EA8FB627837A86004CA3E1 /* Resources */ = {
			isa = PBXResourcesBuildPhase;
			buildActionMask = 2147483647;
			files = (
				56EA8FC327837A88004CA3E1 /* Preview Assets.xcassets in Resources */,
				56873A862795178C00F0B165 /* gSignIn.plist in Resources */,
				56EA8FC027837A88004CA3E1 /* Assets.xcassets in Resources */,
				56EA8FCA27837B48004CA3E1 /* GoogleService-Info.plist in Resources */,
			);
			runOnlyForDeploymentPostprocessing = 0;
		};
/* End PBXResourcesBuildPhase section */

/* Begin PBXShellScriptBuildPhase section */
		56CE09D027953CE6004C4BC3 /* Apollo */ = {
			isa = PBXShellScriptBuildPhase;
			buildActionMask = 2147483647;
			files = (
			);
			inputFileListPaths = (
			);
			inputPaths = (
			);
			name = Apollo;
			outputFileListPaths = (
			);
			outputPaths = (
			);
			runOnlyForDeploymentPostprocessing = 0;
			shellPath = /bin/sh;
			shellScript = "# Don't run this during index builds\nif [ $ACTION = \"indexbuild\" ]; then exit 0; fi\n\ncd \"${SRCROOT}\"/ApolloCodegen\nxcrun -sdk macosx swift run ApolloCodegen downloadSchema\n\ncd \"${SRCROOT}\"/ApolloCodegen\nxcrun -sdk macosx swift run ApolloCodegen generate\n";
		};
/* End PBXShellScriptBuildPhase section */

/* Begin PBXSourcesBuildPhase section */
		56EA8FB427837A86004CA3E1 /* Sources */ = {
			isa = PBXSourcesBuildPhase;
			buildActionMask = 2147483647;
			files = (
				56DBBD4A279506A200C18410 /* AuthModel.swift in Sources */,
				56CE0976279531B3004C4BC3 /* LaunchList.graphql in Sources */,
				56EA8FBE27837A86004CA3E1 /* ContentView.swift in Sources */,
				56873A822795109100F0B165 /* GoogleSignInButton.swift in Sources */,
				56873A842795138400F0B165 /* HomeView.swift in Sources */,
				569313F6279617E5000602AE /* GetPlistValue.swift in Sources */,
				569313F4279546E8000602AE /* Network.swift in Sources */,
				56873A802795106E00F0B165 /* LoginView.swift in Sources */,
				569313F1279545DF000602AE /* API.swift in Sources */,
				56EA8FBC27837A86004CA3E1 /* punchlistApp.swift in Sources */,
			);
			runOnlyForDeploymentPostprocessing = 0;
		};
/* End PBXSourcesBuildPhase section */

/* Begin XCBuildConfiguration section */
		56EA8FC427837A88004CA3E1 /* Debug */ = {
			isa = XCBuildConfiguration;
			buildSettings = {
				ALWAYS_SEARCH_USER_PATHS = NO;
				CLANG_ANALYZER_NONNULL = YES;
				CLANG_ANALYZER_NUMBER_OBJECT_CONVERSION = YES_AGGRESSIVE;
				CLANG_CXX_LANGUAGE_STANDARD = "gnu++17";
				CLANG_CXX_LIBRARY = "libc++";
				CLANG_ENABLE_MODULES = YES;
				CLANG_ENABLE_OBJC_ARC = YES;
				CLANG_ENABLE_OBJC_WEAK = YES;
				CLANG_WARN_BLOCK_CAPTURE_AUTORELEASING = YES;
				CLANG_WARN_BOOL_CONVERSION = YES;
				CLANG_WARN_COMMA = YES;
				CLANG_WARN_CONSTANT_CONVERSION = YES;
				CLANG_WARN_DEPRECATED_OBJC_IMPLEMENTATIONS = YES;
				CLANG_WARN_DIRECT_OBJC_ISA_USAGE = YES_ERROR;
				CLANG_WARN_DOCUMENTATION_COMMENTS = YES;
				CLANG_WARN_EMPTY_BODY = YES;
				CLANG_WARN_ENUM_CONVERSION = YES;
				CLANG_WARN_INFINITE_RECURSION = YES;
				CLANG_WARN_INT_CONVERSION = YES;
				CLANG_WARN_NON_LITERAL_NULL_CONVERSION = YES;
				CLANG_WARN_OBJC_IMPLICIT_RETAIN_SELF = YES;
				CLANG_WARN_OBJC_LITERAL_CONVERSION = YES;
				CLANG_WARN_OBJC_ROOT_CLASS = YES_ERROR;
				CLANG_WARN_QUOTED_INCLUDE_IN_FRAMEWORK_HEADER = YES;
				CLANG_WARN_RANGE_LOOP_ANALYSIS = YES;
				CLANG_WARN_STRICT_PROTOTYPES = YES;
				CLANG_WARN_SUSPICIOUS_MOVE = YES;
				CLANG_WARN_UNGUARDED_AVAILABILITY = YES_AGGRESSIVE;
				CLANG_WARN_UNREACHABLE_CODE = YES;
				CLANG_WARN__DUPLICATE_METHOD_MATCH = YES;
				COPY_PHASE_STRIP = NO;
				DEBUG_INFORMATION_FORMAT = dwarf;
				ENABLE_STRICT_OBJC_MSGSEND = YES;
				ENABLE_TESTABILITY = YES;
				GCC_C_LANGUAGE_STANDARD = gnu11;
				GCC_DYNAMIC_NO_PIC = NO;
				GCC_NO_COMMON_BLOCKS = YES;
				GCC_OPTIMIZATION_LEVEL = 0;
				GCC_PREPROCESSOR_DEFINITIONS = (
					"DEBUG=1",
					"$(inherited)",
				);
				GCC_WARN_64_TO_32_BIT_CONVERSION = YES;
				GCC_WARN_ABOUT_RETURN_TYPE = YES_ERROR;
				GCC_WARN_UNDECLARED_SELECTOR = YES;
				GCC_WARN_UNINITIALIZED_AUTOS = YES_AGGRESSIVE;
				GCC_WARN_UNUSED_FUNCTION = YES;
				GCC_WARN_UNUSED_VARIABLE = YES;
				IPHONEOS_DEPLOYMENT_TARGET = 15.0;
				MTL_ENABLE_DEBUG_INFO = INCLUDE_SOURCE;
				MTL_FAST_MATH = YES;
				ONLY_ACTIVE_ARCH = YES;
				SDKROOT = iphoneos;
				SWIFT_ACTIVE_COMPILATION_CONDITIONS = DEBUG;
				SWIFT_OPTIMIZATION_LEVEL = "-Onone";
			};
			name = Debug;
		};
		56EA8FC527837A88004CA3E1 /* Release */ = {
			isa = XCBuildConfiguration;
			buildSettings = {
				ALWAYS_SEARCH_USER_PATHS = NO;
				CLANG_ANALYZER_NONNULL = YES;
				CLANG_ANALYZER_NUMBER_OBJECT_CONVERSION = YES_AGGRESSIVE;
				CLANG_CXX_LANGUAGE_STANDARD = "gnu++17";
				CLANG_CXX_LIBRARY = "libc++";
				CLANG_ENABLE_MODULES = YES;
				CLANG_ENABLE_OBJC_ARC = YES;
				CLANG_ENABLE_OBJC_WEAK = YES;
				CLANG_WARN_BLOCK_CAPTURE_AUTORELEASING = YES;
				CLANG_WARN_BOOL_CONVERSION = YES;
				CLANG_WARN_COMMA = YES;
				CLANG_WARN_CONSTANT_CONVERSION = YES;
				CLANG_WARN_DEPRECATED_OBJC_IMPLEMENTATIONS = YES;
				CLANG_WARN_DIRECT_OBJC_ISA_USAGE = YES_ERROR;
				CLANG_WARN_DOCUMENTATION_COMMENTS = YES;
				CLANG_WARN_EMPTY_BODY = YES;
				CLANG_WARN_ENUM_CONVERSION = YES;
				CLANG_WARN_INFINITE_RECURSION = YES;
				CLANG_WARN_INT_CONVERSION = YES;
				CLANG_WARN_NON_LITERAL_NULL_CONVERSION = YES;
				CLANG_WARN_OBJC_IMPLICIT_RETAIN_SELF = YES;
				CLANG_WARN_OBJC_LITERAL_CONVERSION = YES;
				CLANG_WARN_OBJC_ROOT_CLASS = YES_ERROR;
				CLANG_WARN_QUOTED_INCLUDE_IN_FRAMEWORK_HEADER = YES;
				CLANG_WARN_RANGE_LOOP_ANALYSIS = YES;
				CLANG_WARN_STRICT_PROTOTYPES = YES;
				CLANG_WARN_SUSPICIOUS_MOVE = YES;
				CLANG_WARN_UNGUARDED_AVAILABILITY = YES_AGGRESSIVE;
				CLANG_WARN_UNREACHABLE_CODE = YES;
				CLANG_WARN__DUPLICATE_METHOD_MATCH = YES;
				COPY_PHASE_STRIP = NO;
				DEBUG_INFORMATION_FORMAT = "dwarf-with-dsym";
				ENABLE_NS_ASSERTIONS = NO;
				ENABLE_STRICT_OBJC_MSGSEND = YES;
				GCC_C_LANGUAGE_STANDARD = gnu11;
				GCC_NO_COMMON_BLOCKS = YES;
				GCC_WARN_64_TO_32_BIT_CONVERSION = YES;
				GCC_WARN_ABOUT_RETURN_TYPE = YES_ERROR;
				GCC_WARN_UNDECLARED_SELECTOR = YES;
				GCC_WARN_UNINITIALIZED_AUTOS = YES_AGGRESSIVE;
				GCC_WARN_UNUSED_FUNCTION = YES;
				GCC_WARN_UNUSED_VARIABLE = YES;
				IPHONEOS_DEPLOYMENT_TARGET = 15.0;
				MTL_ENABLE_DEBUG_INFO = NO;
				MTL_FAST_MATH = YES;
				SDKROOT = iphoneos;
				SWIFT_COMPILATION_MODE = wholemodule;
				SWIFT_OPTIMIZATION_LEVEL = "-O";
				VALIDATE_PRODUCT = YES;
			};
			name = Release;
		};
		56EA8FC727837A88004CA3E1 /* Debug */ = {
			isa = XCBuildConfiguration;
			buildSettings = {
				ASSETCATALOG_COMPILER_APPICON_NAME = AppIcon;
				ASSETCATALOG_COMPILER_GLOBAL_ACCENT_COLOR_NAME = AccentColor;
				CODE_SIGN_STYLE = Automatic;
				CURRENT_PROJECT_VERSION = 1;
				DEVELOPMENT_ASSET_PATHS = "\"punchlist/Preview Content\"";
				DEVELOPMENT_TEAM = 3G798JDTL3;
				ENABLE_PREVIEWS = YES;
				GENERATE_INFOPLIST_FILE = YES;
				INFOPLIST_FILE = punchlist/Info.plist;
				INFOPLIST_KEY_UIApplicationSceneManifest_Generation = YES;
				INFOPLIST_KEY_UIApplicationSupportsIndirectInputEvents = YES;
				INFOPLIST_KEY_UILaunchScreen_Generation = YES;
				INFOPLIST_KEY_UISupportedInterfaceOrientations_iPad = "UIInterfaceOrientationPortrait UIInterfaceOrientationPortraitUpsideDown UIInterfaceOrientationLandscapeLeft UIInterfaceOrientationLandscapeRight";
				INFOPLIST_KEY_UISupportedInterfaceOrientations_iPhone = "UIInterfaceOrientationPortrait UIInterfaceOrientationLandscapeLeft UIInterfaceOrientationLandscapeRight";
				LD_RUNPATH_SEARCH_PATHS = (
					"$(inherited)",
					"@executable_path/Frameworks",
				);
				MARKETING_VERSION = 1.0;
				PRODUCT_BUNDLE_IDENTIFIER = dev.scottkey.punchlist;
				PRODUCT_NAME = "$(TARGET_NAME)";
				SWIFT_EMIT_LOC_STRINGS = YES;
				SWIFT_VERSION = 5.0;
				TARGETED_DEVICE_FAMILY = "1,2";
			};
			name = Debug;
		};
		56EA8FC827837A88004CA3E1 /* Release */ = {
			isa = XCBuildConfiguration;
			buildSettings = {
				ASSETCATALOG_COMPILER_APPICON_NAME = AppIcon;
				ASSETCATALOG_COMPILER_GLOBAL_ACCENT_COLOR_NAME = AccentColor;
				CODE_SIGN_STYLE = Automatic;
				CURRENT_PROJECT_VERSION = 1;
				DEVELOPMENT_ASSET_PATHS = "\"punchlist/Preview Content\"";
				DEVELOPMENT_TEAM = 3G798JDTL3;
				ENABLE_PREVIEWS = YES;
				GENERATE_INFOPLIST_FILE = YES;
				INFOPLIST_FILE = punchlist/Info.plist;
				INFOPLIST_KEY_UIApplicationSceneManifest_Generation = YES;
				INFOPLIST_KEY_UIApplicationSupportsIndirectInputEvents = YES;
				INFOPLIST_KEY_UILaunchScreen_Generation = YES;
				INFOPLIST_KEY_UISupportedInterfaceOrientations_iPad = "UIInterfaceOrientationPortrait UIInterfaceOrientationPortraitUpsideDown UIInterfaceOrientationLandscapeLeft UIInterfaceOrientationLandscapeRight";
				INFOPLIST_KEY_UISupportedInterfaceOrientations_iPhone = "UIInterfaceOrientationPortrait UIInterfaceOrientationLandscapeLeft UIInterfaceOrientationLandscapeRight";
				LD_RUNPATH_SEARCH_PATHS = (
					"$(inherited)",
					"@executable_path/Frameworks",
				);
				MARKETING_VERSION = 1.0;
				PRODUCT_BUNDLE_IDENTIFIER = dev.scottkey.punchlist;
				PRODUCT_NAME = "$(TARGET_NAME)";
				SWIFT_EMIT_LOC_STRINGS = YES;
				SWIFT_VERSION = 5.0;
				TARGETED_DEVICE_FAMILY = "1,2";
			};
			name = Release;
		};
/* End XCBuildConfiguration section */

/* Begin XCConfigurationList section */
		56EA8FB327837A86004CA3E1 /* Build configuration list for PBXProject "punchlist" */ = {
			isa = XCConfigurationList;
			buildConfigurations = (
				56EA8FC427837A88004CA3E1 /* Debug */,
				56EA8FC527837A88004CA3E1 /* Release */,
			);
			defaultConfigurationIsVisible = 0;
			defaultConfigurationName = Release;
		};
		56EA8FC627837A88004CA3E1 /* Build configuration list for PBXNativeTarget "punchlist" */ = {
			isa = XCConfigurationList;
			buildConfigurations = (
				56EA8FC727837A88004CA3E1 /* Debug */,
				56EA8FC827837A88004CA3E1 /* Release */,
			);
			defaultConfigurationIsVisible = 0;
			defaultConfigurationName = Release;
		};
/* End XCConfigurationList section */

/* Begin XCRemoteSwiftPackageReference section */
		56185F55279502B800F45DA1 /* XCRemoteSwiftPackageReference "GoogleSignIn-iOS" */ = {
			isa = XCRemoteSwiftPackageReference;
			repositoryURL = "https://github.com/google/GoogleSignIn-iOS";
			requirement = {
				kind = upToNextMajorVersion;
				minimumVersion = 6.0.0;
			};
		};
		56CE096527952C06004C4BC3 /* XCRemoteSwiftPackageReference "apollo-ios" */ = {
			isa = XCRemoteSwiftPackageReference;
			repositoryURL = "https://github.com/apollographql/apollo-ios.git";
			requirement = {
				kind = upToNextMajorVersion;
				minimumVersion = 0.3.0;
			};
		};
/* End XCRemoteSwiftPackageReference section */

/* Begin XCSwiftPackageProductDependency section */
		56185F56279502B800F45DA1 /* GoogleSignIn */ = {
			isa = XCSwiftPackageProductDependency;
			package = 56185F55279502B800F45DA1 /* XCRemoteSwiftPackageReference "GoogleSignIn-iOS" */;
			productName = GoogleSignIn;
		};
		56CE096627952C07004C4BC3 /* Apollo */ = {
			isa = XCSwiftPackageProductDependency;
			package = 56CE096527952C06004C4BC3 /* XCRemoteSwiftPackageReference "apollo-ios" */;
			productName = Apollo;
		};
		56CE096827952C07004C4BC3 /* ApolloWebSocket */ = {
			isa = XCSwiftPackageProductDependency;
			package = 56CE096527952C06004C4BC3 /* XCRemoteSwiftPackageReference "apollo-ios" */;
			productName = ApolloWebSocket;
		};
		56CE097227953084004C4BC3 /* ApolloCodegenLib */ = {
			isa = XCSwiftPackageProductDependency;
			package = 56CE096527952C06004C4BC3 /* XCRemoteSwiftPackageReference "apollo-ios" */;
			productName = ApolloCodegenLib;
		};
/* End XCSwiftPackageProductDependency section */
	};
	rootObject = 56EA8FB027837A86004CA3E1 /* Project object */;
}
